# This file is automatically @generated by Poetry 1.6.1 and should not be changed by hand.

[[package]]
name = "pycodestyle"
version = "2.11.1"
description = "Python style guide checker"
optional = false
python-versions = ">=3.8"
files = [
    {file = "pycodestyle-2.11.1-py2.py3-none-any.whl", hash = "sha256:44fe31000b2d866f2e41841b18528a505fbd7fef9017b04eff4e2648a0fadc67"},
    {file = "pycodestyle-2.11.1.tar.gz", hash = "sha256:41ba0e7afc9752dfb53ced5489e89f8186be00e599e712660695b7a75ff2663f"},
]

[metadata]
lock-version = "2.0"
python-versions = "^3.11"
content-hash = "77dac2d9461836852f01863ed47c75f3e089bf7ba02e37a598c8cc029e464388"
